
Microsoft Visual Studio Solution File, Format Version 12.00
# Visual Studio Version 17
VisualStudioVersion = 17.0.31903.59
MinimumVisualStudioVersion = 10.0.40219.1
Project("{2150E333-8FDC-42A3-9474-1A3956D46DE8}") = "plugins", "plugins", "{07D57EEB-2F50-60C4-C011-FE4FA775C9A8}"
EndProject
Project("{2150E333-8FDC-42A3-9474-1A3956D46DE8}") = "SebCore", "SebCore", "{C03B4E6D-D469-8C13-825B-C4A32C4AD83D}"
EndProject
Project("{2150E333-8FDC-42A3-9474-1A3956D46DE8}") = "src", "src", "{423C7BED-4329-333A-38BB-99F50A13E285}"
EndProject
Project("{FAE04EC0-301F-11D3-BF4B-00C04F79EFBC}") = "SebCore", "plugins\SebCore\src\SebCore\SebCore.csproj", "{11BB947D-4E81-4CBA-BBCA-F93C7CA823A3}"
EndProject
Project("{2150E333-8FDC-42A3-9474-1A3956D46DE8}") = "SebBinds", "SebBinds", "{07FA907D-F3AA-58A2-9842-1912F190BE97}"
EndProject
Project("{2150E333-8FDC-42A3-9474-1A3956D46DE8}") = "src", "src", "{D9B7985F-5D9E-5ECB-4D3C-C65C3435ECB7}"
EndProject
Project("{FAE04EC0-301F-11D3-BF4B-00C04F79EFBC}") = "SebBinds", "plugins\SebBinds\src\SebBinds\SebBinds.csproj", "{8497F3CE-9B2C-4FE2-99CA-1A1493584C0D}"
EndProject
Project("{2150E333-8FDC-42A3-9474-1A3956D46DE8}") = "SebTruck", "SebTruck", "{3149E154-5E3C-E31C-2C13-8CDBF605BEE4}"
EndProject
Project("{2150E333-8FDC-42A3-9474-1A3956D46DE8}") = "src", "src", "{9491F8AB-2E84-A83F-FD8E-62CFEFEC9477}"
EndProject
Project("{FAE04EC0-301F-11D3-BF4B-00C04F79EFBC}") = "SebTruck", "plugins\SebTruck\src\SebTruck\SebTruck.csproj", "{991A38DD-750C-4EBC-9C46-A7E5EE7691FC}"
EndProject
Project("{2150E333-8FDC-42A3-9474-1A3956D46DE8}") = "SebUltrawide", "SebUltrawide", "{8B7A853B-6416-692B-7BC9-60F011D8A179}"
EndProject
Project("{2150E333-8FDC-42A3-9474-1A3956D46DE8}") = "src", "src", "{4544D216-4F55-21E5-D1F0-FEBD0F36D8F1}"
EndProject
Project("{2150E333-8FDC-42A3-9474-1A3956D46DE8}") = "SebUltrawide", "SebUltrawide", "{08894482-6668-D3BF-F154-908C86EB9993}"
EndProject
Project("{FAE04EC0-301F-11D3-BF4B-00C04F79EFBC}") = "SebUltrawide", "plugins\SebUltrawide\src\SebUltrawide\SebUltrawide.csproj", "{90D948FD-289E-400A-B010-8CA4DE40D59E}"
EndProject
Project("{2150E333-8FDC-42A3-9474-1A3956D46DE8}") = "SebLogiWheel", "SebLogiWheel", "{480F116B-9769-0337-2C70-EF9E65E7F835}"
EndProject
Project("{2150E333-8FDC-42A3-9474-1A3956D46DE8}") = "src", "src", "{2AFB3A8B-375E-5813-F59D-41FDF82DB2AC}"
EndProject
Project("{2150E333-8FDC-42A3-9474-1A3956D46DE8}") = "SebLogiWheel", "SebLogiWheel", "{8B1A7BC7-AB7A-5F13-B33E-F3FA3AA4917C}"
EndProject
Project("{FAE04EC0-301F-11D3-BF4B-00C04F79EFBC}") = "SebLogiWheel", "plugins\SebLogiWheel\src\SebLogiWheel\SebLogiWheel.csproj", "{DF678472-6949-4316-A8E3-F4304B0A9ECA}"
EndProject
Project("{2150E333-8FDC-42A3-9474-1A3956D46DE8}") = "SebTweaks", "SebTweaks", "{F8120D13-23F3-4142-4F06-A3FB52297C88}"
EndProject
Project("{2150E333-8FDC-42A3-9474-1A3956D46DE8}") = "src", "src", "{2B0A85CB-4E01-23B5-D927-1B70CF168328}"
EndProject
Project("{FAE04EC0-301F-11D3-BF4B-00C04F79EFBC}") = "SebTweaks", "plugins\SebTweaks\src\SebTweaks\SebTweaks.csproj", "{1C126170-EDD6-483F-B479-A6723B422338}"
EndProject
Global
	GlobalSection(SolutionConfigurationPlatforms) = preSolution
		Debug|Any CPU = Debug|Any CPU
		Debug|x64 = Debug|x64
		Debug|x86 = Debug|x86
		Release|Any CPU = Release|Any CPU
		Release|x64 = Release|x64
		Release|x86 = Release|x86
	EndGlobalSection
	GlobalSection(ProjectConfigurationPlatforms) = postSolution
		{11BB947D-4E81-4CBA-BBCA-F93C7CA823A3}.Debug|Any CPU.ActiveCfg = Debug|Any CPU
		{11BB947D-4E81-4CBA-BBCA-F93C7CA823A3}.Debug|Any CPU.Build.0 = Debug|Any CPU
		{11BB947D-4E81-4CBA-BBCA-F93C7CA823A3}.Debug|x64.ActiveCfg = Debug|Any CPU
		{11BB947D-4E81-4CBA-BBCA-F93C7CA823A3}.Debug|x64.Build.0 = Debug|Any CPU
		{11BB947D-4E81-4CBA-BBCA-F93C7CA823A3}.Debug|x86.ActiveCfg = Debug|Any CPU
		{11BB947D-4E81-4CBA-BBCA-F93C7CA823A3}.Debug|x86.Build.0 = Debug|Any CPU
		{11BB947D-4E81-4CBA-BBCA-F93C7CA823A3}.Release|Any CPU.ActiveCfg = Release|Any CPU
		{11BB947D-4E81-4CBA-BBCA-F93C7CA823A3}.Release|Any CPU.Build.0 = Release|Any CPU
		{11BB947D-4E81-4CBA-BBCA-F93C7CA823A3}.Release|x64.ActiveCfg = Release|Any CPU
		{11BB947D-4E81-4CBA-BBCA-F93C7CA823A3}.Release|x64.Build.0 = Release|Any CPU
		{11BB947D-4E81-4CBA-BBCA-F93C7CA823A3}.Release|x86.ActiveCfg = Release|Any CPU
		{11BB947D-4E81-4CBA-BBCA-F93C7CA823A3}.Release|x86.Build.0 = Release|Any CPU
		{8497F3CE-9B2C-4FE2-99CA-1A1493584C0D}.Debug|Any CPU.ActiveCfg = Debug|Any CPU
		{8497F3CE-9B2C-4FE2-99CA-1A1493584C0D}.Debug|Any CPU.Build.0 = Debug|Any CPU
		{8497F3CE-9B2C-4FE2-99CA-1A1493584C0D}.Debug|x64.ActiveCfg = Debug|Any CPU
		{8497F3CE-9B2C-4FE2-99CA-1A1493584C0D}.Debug|x64.Build.0 = Debug|Any CPU
		{8497F3CE-9B2C-4FE2-99CA-1A1493584C0D}.Debug|x86.ActiveCfg = Debug|Any CPU
		{8497F3CE-9B2C-4FE2-99CA-1A1493584C0D}.Debug|x86.Build.0 = Debug|Any CPU
		{8497F3CE-9B2C-4FE2-99CA-1A1493584C0D}.Release|Any CPU.ActiveCfg = Release|Any CPU
		{8497F3CE-9B2C-4FE2-99CA-1A1493584C0D}.Release|Any CPU.Build.0 = Release|Any CPU
		{8497F3CE-9B2C-4FE2-99CA-1A1493584C0D}.Release|x64.ActiveCfg = Release|Any CPU
		{8497F3CE-9B2C-4FE2-99CA-1A1493584C0D}.Release|x64.Build.0 = Release|Any CPU
		{8497F3CE-9B2C-4FE2-99CA-1A1493584C0D}.Release|x86.ActiveCfg = Release|Any CPU
		{8497F3CE-9B2C-4FE2-99CA-1A1493584C0D}.Release|x86.Build.0 = Release|Any CPU
		{991A38DD-750C-4EBC-9C46-A7E5EE7691FC}.Debug|Any CPU.ActiveCfg = Debug|Any CPU
		{991A38DD-750C-4EBC-9C46-A7E5EE7691FC}.Debug|Any CPU.Build.0 = Debug|Any CPU
		{991A38DD-750C-4EBC-9C46-A7E5EE7691FC}.Debug|x64.ActiveCfg = Debug|Any CPU
		{991A38DD-750C-4EBC-9C46-A7E5EE7691FC}.Debug|x64.Build.0 = Debug|Any CPU
		{991A38DD-750C-4EBC-9C46-A7E5EE7691FC}.Debug|x86.ActiveCfg = Debug|Any CPU
		{991A38DD-750C-4EBC-9C46-A7E5EE7691FC}.Debug|x86.Build.0 = Debug|Any CPU
		{991A38DD-750C-4EBC-9C46-A7E5EE7691FC}.Release|Any CPU.ActiveCfg = Release|Any CPU
		{991A38DD-750C-4EBC-9C46-A7E5EE7691FC}.Release|Any CPU.Build.0 = Release|Any CPU
		{991A38DD-750C-4EBC-9C46-A7E5EE7691FC}.Release|x64.ActiveCfg = Release|Any CPU
		{991A38DD-750C-4EBC-9C46-A7E5EE7691FC}.Release|x64.Build.0 = Release|Any CPU
		{991A38DD-750C-4EBC-9C46-A7E5EE7691FC}.Release|x86.ActiveCfg = Release|Any CPU
		{991A38DD-750C-4EBC-9C46-A7E5EE7691FC}.Release|x86.Build.0 = Release|Any CPU
		{90D948FD-289E-400A-B010-8CA4DE40D59E}.Debug|Any CPU.ActiveCfg = Debug|Any CPU
		{90D948FD-289E-400A-B010-8CA4DE40D59E}.Debug|Any CPU.Build.0 = Debug|Any CPU
		{90D948FD-289E-400A-B010-8CA4DE40D59E}.Debug|x64.ActiveCfg = Debug|Any CPU
		{90D948FD-289E-400A-B010-8CA4DE40D59E}.Debug|x64.Build.0 = Debug|Any CPU
		{90D948FD-289E-400A-B010-8CA4DE40D59E}.Debug|x86.ActiveCfg = Debug|Any CPU
		{90D948FD-289E-400A-B010-8CA4DE40D59E}.Debug|x86.Build.0 = Debug|Any CPU
		{90D948FD-289E-400A-B010-8CA4DE40D59E}.Release|Any CPU.ActiveCfg = Release|Any CPU
		{90D948FD-289E-400A-B010-8CA4DE40D59E}.Release|Any CPU.Build.0 = Release|Any CPU
		{90D948FD-289E-400A-B010-8CA4DE40D59E}.Release|x64.ActiveCfg = Release|Any CPU
		{90D948FD-289E-400A-B010-8CA4DE40D59E}.Release|x64.Build.0 = Release|Any CPU
		{90D948FD-289E-400A-B010-8CA4DE40D59E}.Release|x86.ActiveCfg = Release|Any CPU
		{90D948FD-289E-400A-B010-8CA4DE40D59E}.Release|x86.Build.0 = Release|Any CPU
		{DF678472-6949-4316-A8E3-F4304B0A9ECA}.Debug|Any CPU.ActiveCfg = Debug|Any CPU
		{DF678472-6949-4316-A8E3-F4304B0A9ECA}.Debug|Any CPU.Build.0 = Debug|Any CPU
		{DF678472-6949-4316-A8E3-F4304B0A9ECA}.Debug|x64.ActiveCfg = Debug|Any CPU
		{DF678472-6949-4316-A8E3-F4304B0A9ECA}.Debug|x64.Build.0 = Debug|Any CPU
		{DF678472-6949-4316-A8E3-F4304B0A9ECA}.Debug|x86.ActiveCfg = Debug|Any CPU
		{DF678472-6949-4316-A8E3-F4304B0A9ECA}.Debug|x86.Build.0 = Debug|Any CPU
		{DF678472-6949-4316-A8E3-F4304B0A9ECA}.Release|Any CPU.ActiveCfg = Release|Any CPU
		{DF678472-6949-4316-A8E3-F4304B0A9ECA}.Release|Any CPU.Build.0 = Release|Any CPU
		{DF678472-6949-4316-A8E3-F4304B0A9ECA}.Release|x64.ActiveCfg = Release|Any CPU
		{DF678472-6949-4316-A8E3-F4304B0A9ECA}.Release|x64.Build.0 = Release|Any CPU
		{DF678472-6949-4316-A8E3-F4304B0A9ECA}.Release|x86.ActiveCfg = Release|Any CPU
		{DF678472-6949-4316-A8E3-F4304B0A9ECA}.Release|x86.Build.0 = Release|Any CPU
		{1C126170-EDD6-483F-B479-A6723B422338}.Debug|Any CPU.ActiveCfg = Debug|Any CPU
		{1C126170-EDD6-483F-B479-A6723B422338}.Debug|Any CPU.Build.0 = Debug|Any CPU
		{1C126170-EDD6-483F-B479-A6723B422338}.Debug|x64.ActiveCfg = Debug|Any CPU
		{1C126170-EDD6-483F-B479-A6723B422338}.Debug|x64.Build.0 = Debug|Any CPU
		{1C126170-EDD6-483F-B479-A6723B422338}.Debug|x86.ActiveCfg = Debug|Any CPU
		{1C126170-EDD6-483F-B479-A6723B422338}.Debug|x86.Build.0 = Debug|Any CPU
		{1C126170-EDD6-483F-B479-A6723B422338}.Release|Any CPU.ActiveCfg = Release|Any CPU
		{1C126170-EDD6-483F-B479-A6723B422338}.Release|Any CPU.Build.0 = Release|Any CPU
		{1C126170-EDD6-483F-B479-A6723B422338}.Release|x64.ActiveCfg = Release|Any CPU
		{1C126170-EDD6-483F-B479-A6723B422338}.Release|x64.Build.0 = Release|Any CPU
		{1C126170-EDD6-483F-B479-A6723B422338}.Release|x86.ActiveCfg = Release|Any CPU
		{1C126170-EDD6-483F-B479-A6723B422338}.Release|x86.Build.0 = Release|Any CPU
	EndGlobalSection
	GlobalSection(SolutionProperties) = preSolution
		HideSolutionNode = FALSE
	EndGlobalSection
	GlobalSection(NestedProjects) = preSolution
		{C03B4E6D-D469-8C13-825B-C4A32C4AD83D} = {07D57EEB-2F50-60C4-C011-FE4FA775C9A8}
		{423C7BED-4329-333A-38BB-99F50A13E285} = {C03B4E6D-D469-8C13-825B-C4A32C4AD83D}
		{11BB947D-4E81-4CBA-BBCA-F93C7CA823A3} = {423C7BED-4329-333A-38BB-99F50A13E285}
		{07FA907D-F3AA-58A2-9842-1912F190BE97} = {07D57EEB-2F50-60C4-C011-FE4FA775C9A8}
		{D9B7985F-5D9E-5ECB-4D3C-C65C3435ECB7} = {07FA907D-F3AA-58A2-9842-1912F190BE97}
		{8497F3CE-9B2C-4FE2-99CA-1A1493584C0D} = {D9B7985F-5D9E-5ECB-4D3C-C65C3435ECB7}
		{3149E154-5E3C-E31C-2C13-8CDBF605BEE4} = {07D57EEB-2F50-60C4-C011-FE4FA775C9A8}
		{9491F8AB-2E84-A83F-FD8E-62CFEFEC9477} = {3149E154-5E3C-E31C-2C13-8CDBF605BEE4}
		{991A38DD-750C-4EBC-9C46-A7E5EE7691FC} = {9491F8AB-2E84-A83F-FD8E-62CFEFEC9477}
		{8B7A853B-6416-692B-7BC9-60F011D8A179} = {07D57EEB-2F50-60C4-C011-FE4FA775C9A8}
		{4544D216-4F55-21E5-D1F0-FEBD0F36D8F1} = {8B7A853B-6416-692B-7BC9-60F011D8A179}
		{08894482-6668-D3BF-F154-908C86EB9993} = {4544D216-4F55-21E5-D1F0-FEBD0F36D8F1}
		{90D948FD-289E-400A-B010-8CA4DE40D59E} = {08894482-6668-D3BF-F154-908C86EB9993}
		{480F116B-9769-0337-2C70-EF9E65E7F835} = {07D57EEB-2F50-60C4-C011-FE4FA775C9A8}
		{2AFB3A8B-375E-5813-F59D-41FDF82DB2AC} = {480F116B-9769-0337-2C70-EF9E65E7F835}
		{8B1A7BC7-AB7A-5F13-B33E-F3FA3AA4917C} = {2AFB3A8B-375E-5813-F59D-41FDF82DB2AC}
		{DF678472-6949-4316-A8E3-F4304B0A9ECA} = {8B1A7BC7-AB7A-5F13-B33E-F3FA3AA4917C}
		{F8120D13-23F3-4142-4F06-A3FB52297C88} = {07D57EEB-2F50-60C4-C011-FE4FA775C9A8}
		{2B0A85CB-4E01-23B5-D927-1B70CF168328} = {F8120D13-23F3-4142-4F06-A3FB52297C88}
		{1C126170-EDD6-483F-B479-A6723B422338} = {2B0A85CB-4E01-23B5-D927-1B70CF168328}
	EndGlobalSection
EndGlobal
